
Microsoft Visual Studio Solution File, Format Version 11.00
# Visual C++ Express 2010
Project("{8BC9CEB8-8B4A-11D0-8D11-00A0C91BC942}") = "ch3ex3", "ch3ex3\ch3ex3.vcxproj", "{66846395-1F1E-46EC-BBA4-03B64FF1AC99}"
EndProject
Global
	GlobalSection(SolutionConfigurationPlatforms) = preSolution
		Debug|Win32 = Debug|Win32
		Release|Win32 = Release|Win32
	EndGlobalSection
	GlobalSection(ProjectConfigurationPlatforms) = postSolution
		{66846395-1F1E-46EC-BBA4-03B64FF1AC99}.Debug|Win32.ActiveCfg = Debug|Win32
		{66846395-1F1E-46EC-BBA4-03B64FF1AC99}.Debug|Win32.Build.0 = Debug|Win32
		{66846395-1F1E-46EC-BBA4-03B64FF1AC99}.Release|Win32.ActiveCfg = Release|Win32
		{66846395-1F1E-46EC-BBA4-03B64FF1AC99}.Release|Win32.Build.0 = Release|Win32
	EndGlobalSection
	GlobalSection(SolutionProperties) = preSolution
		HideSolutionNode = FALSE
	EndGlobalSection
EndGlobal
