
Microsoft Visual Studio Solution File, Format Version 11.00
# Visual C++ Express 2010
Project("{8BC9CEB8-8B4A-11D0-8D11-00A0C91BC942}") = "ch4ex12", "ch4ex12\ch4ex12.vcxproj", "{2EAC23C1-36FE-4859-A711-404090EF6147}"
EndProject
Global
	GlobalSection(SolutionConfigurationPlatforms) = preSolution
		Debug|Win32 = Debug|Win32
		Release|Win32 = Release|Win32
	EndGlobalSection
	GlobalSection(ProjectConfigurationPlatforms) = postSolution
		{2EAC23C1-36FE-4859-A711-404090EF6147}.Debug|Win32.ActiveCfg = Debug|Win32
		{2EAC23C1-36FE-4859-A711-404090EF6147}.Debug|Win32.Build.0 = Debug|Win32
		{2EAC23C1-36FE-4859-A711-404090EF6147}.Release|Win32.ActiveCfg = Release|Win32
		{2EAC23C1-36FE-4859-A711-404090EF6147}.Release|Win32.Build.0 = Release|Win32
	EndGlobalSection
	GlobalSection(SolutionProperties) = preSolution
		HideSolutionNode = FALSE
	EndGlobalSection
EndGlobal
