
Microsoft Visual Studio Solution File, Format Version 11.00
# Visual C++ Express 2010
Project("{8BC9CEB8-8B4A-11D0-8D11-00A0C91BC942}") = "guess_game_v2", "guess_game_v2\guess_game_v2.vcxproj", "{C52C6BA9-1D4E-4140-9255-CC23C950DF77}"
EndProject
Global
	GlobalSection(SolutionConfigurationPlatforms) = preSolution
		Debug|Win32 = Debug|Win32
		Release|Win32 = Release|Win32
	EndGlobalSection
	GlobalSection(ProjectConfigurationPlatforms) = postSolution
		{C52C6BA9-1D4E-4140-9255-CC23C950DF77}.Debug|Win32.ActiveCfg = Debug|Win32
		{C52C6BA9-1D4E-4140-9255-CC23C950DF77}.Debug|Win32.Build.0 = Debug|Win32
		{C52C6BA9-1D4E-4140-9255-CC23C950DF77}.Release|Win32.ActiveCfg = Release|Win32
		{C52C6BA9-1D4E-4140-9255-CC23C950DF77}.Release|Win32.Build.0 = Release|Win32
	EndGlobalSection
	GlobalSection(SolutionProperties) = preSolution
		HideSolutionNode = FALSE
	EndGlobalSection
EndGlobal
