
Microsoft Visual Studio Solution File, Format Version 11.00
# Visual C++ Express 2010
Project("{8BC9CEB8-8B4A-11D0-8D11-00A0C91BC942}") = "ch3ex2", "ch3ex2\ch3ex2.vcxproj", "{9CA02A87-B57C-45C3-A89A-80033CBBD496}"
EndProject
Global
	GlobalSection(SolutionConfigurationPlatforms) = preSolution
		Debug|Win32 = Debug|Win32
		Release|Win32 = Release|Win32
	EndGlobalSection
	GlobalSection(ProjectConfigurationPlatforms) = postSolution
		{9CA02A87-B57C-45C3-A89A-80033CBBD496}.Debug|Win32.ActiveCfg = Debug|Win32
		{9CA02A87-B57C-45C3-A89A-80033CBBD496}.Debug|Win32.Build.0 = Debug|Win32
		{9CA02A87-B57C-45C3-A89A-80033CBBD496}.Release|Win32.ActiveCfg = Release|Win32
		{9CA02A87-B57C-45C3-A89A-80033CBBD496}.Release|Win32.Build.0 = Release|Win32
	EndGlobalSection
	GlobalSection(SolutionProperties) = preSolution
		HideSolutionNode = FALSE
	EndGlobalSection
EndGlobal
